// !$*UTF8*$!
{
	archiveVersion = 1;
	classes = {
	};
	objectVersion = 77;
	objects = {

/* Begin PBXContainerItemProxy section */
		650520CD2EA0475000E381A7 /* PBXContainerItemProxy */ = {
			isa = PBXContainerItemProxy;
			containerPortal = 650520B62EA0475000E381A7 /* Project object */;
			proxyType = 1;
			remoteGlobalIDString = 650520BD2EA0475000E381A7;
			remoteInfo = "IG analizer";
		};
		650520D72EA0475000E381A7 /* PBXContainerItemProxy */ = {
			isa = PBXContainerItemProxy;
			containerPortal = 650520B62EA0475000E381A7 /* Project object */;
			proxyType = 1;
			remoteGlobalIDString = 650520BD2EA0475000E381A7;
			remoteInfo = "IG analizer";
		};
/* End PBXContainerItemProxy section */

/* Begin PBXFileReference section */
		650520BE2EA0475000E381A7 /* IG analizer.app */ = {isa = PBXFileReference; explicitFileType = wrapper.application; includeInIndex = 0; path = "IG analizer.app"; sourceTree = BUILT_PRODUCTS_DIR; };
		650520CC2EA0475000E381A7 /* IG analizerTests.xctest */ = {isa = PBXFileReference; explicitFileType = wrapper.cfbundle; includeInIndex = 0; path = "IG analizerTests.xctest"; sourceTree = BUILT_PRODUCTS_DIR; };
		650520D62EA0475000E381A7 /* IG analizerUITests.xctest */ = {isa = PBXFileReference; explicitFileType = wrapper.cfbundle; includeInIndex = 0; path = "IG analizerUITests.xctest"; sourceTree = BUILT_PRODUCTS_DIR; };
/* End PBXFileReference section */

/* Begin PBXFileSystemSynchronizedRootGroup section */
		650520C02EA0475000E381A7 /* IG analizer */ = {
			isa = PBXFileSystemSynchronizedRootGroup;
			path = "IG analizer";
			sourceTree = "<group>";
		};
		650520CF2EA0475000E381A7 /* IG analizerTests */ = {
			isa = PBXFileSystemSynchronizedRootGroup;
			path = "IG analizerTests";
			sourceTree = "<group>";
		};
		650520D92EA0475000E381A7 /* IG analizerUITests */ = {
			isa = PBXFileSystemSynchronizedRootGroup;
			path = "IG analizerUITests";
			sourceTree = "<group>";
		};
/* End PBXFileSystemSynchronizedRootGroup section */

/* Begin PBXFrameworksBuildPhase section */
		650520BB2EA0475000E381A7 /* Frameworks */ = {
			isa = PBXFrameworksBuildPhase;
			buildActionMask = 2147483647;
			files = (
			);
			runOnlyForDeploymentPostprocessing = 0;
		};
		650520C92EA0475000E381A7 /* Frameworks */ = {
			isa = PBXFrameworksBuildPhase;
			buildActionMask = 2147483647;
			files = (
			);
			runOnlyForDeploymentPostprocessing = 0;
		};
		650520D32EA0475000E381A7 /* Frameworks */ = {
			isa = PBXFrameworksBuildPhase;
			buildActionMask = 2147483647;
			files = (
			);
			runOnlyForDeploymentPostprocessing = 0;
		};
/* End PBXFrameworksBuildPhase section */

/* Begin PBXGroup section */
		650520B52EA0475000E381A7 = {
			isa = PBXGroup;
			children = (
				650520C02EA0475000E381A7 /* IG analizer */,
				650520CF2EA0475000E381A7 /* IG analizerTests */,
				650520D92EA0475000E381A7 /* IG analizerUITests */,
				650520BF2EA0475000E381A7 /* Products */,
			);
			sourceTree = "<group>";
		};
		650520BF2EA0475000E381A7 /* Products */ = {
			isa = PBXGroup;
			children = (
				650520BE2EA0475000E381A7 /* IG analizer.app */,
				650520CC2EA0475000E381A7 /* IG analizerTests.xctest */,
				650520D62EA0475000E381A7 /* IG analizerUITests.xctest */,
			);
			name = Products;
			sourceTree = "<group>";
		};
/* End PBXGroup section */

/* Begin PBXNativeTarget section */
		650520BD2EA0475000E381A7 /* IG analizer */ = {
			isa = PBXNativeTarget;
			buildConfigurationList = 650520E02EA0475000E381A7 /* Build configuration list for PBXNativeTarget "IG analizer" */;
			buildPhases = (
				650520BA2EA0475000E381A7 /* Sources */,
				650520BB2EA0475000E381A7 /* Frameworks */,
				650520BC2EA0475000E381A7 /* Resources */,
			);
			buildRules = (
			);
			dependencies = (
			);
			fileSystemSynchronizedGroups = (
				650520C02EA0475000E381A7 /* IG analizer */,
			);
			name = "IG analizer";
			packageProductDependencies = (
			);
			productName = "IG analizer";
			productReference = 650520BE2EA0475000E381A7 /* IG analizer.app */;
			productType = "com.apple.product-type.application";
		};
		650520CB2EA0475000E381A7 /* IG analizerTests */ = {
			isa = PBXNativeTarget;
			buildConfigurationList = 650520E32EA0475000E381A7 /* Build configuration list for PBXNativeTarget "IG analizerTests" */;
			buildPhases = (
				650520C82EA0475000E381A7 /* Sources */,
				650520C92EA0475000E381A7 /* Frameworks */,
				650520CA2EA0475000E381A7 /* Resources */,
			);
			buildRules = (
			);
			dependencies = (
				650520CE2EA0475000E381A7 /* PBXTargetDependency */,
			);
			fileSystemSynchronizedGroups = (
				650520CF2EA0475000E381A7 /* IG analizerTests */,
			);
			name = "IG analizerTests";
			packageProductDependencies = (
			);
			productName = "IG analizerTests";
			productReference = 650520CC2EA0475000E381A7 /* IG analizerTests.xctest */;
			productType = "com.apple.product-type.bundle.unit-test";
		};
		650520D52EA0475000E381A7 /* IG analizerUITests */ = {
			isa = PBXNativeTarget;
			buildConfigurationList = 650520E62EA0475000E381A7 /* Build configuration list for PBXNativeTarget "IG analizerUITests" */;
			buildPhases = (
				650520D22EA0475000E381A7 /* Sources */,
				650520D32EA0475000E381A7 /* Frameworks */,
				650520D42EA0475000E381A7 /* Resources */,
			);
			buildRules = (
			);
			dependencies = (
				650520D82EA0475000E381A7 /* PBXTargetDependency */,
			);
			fileSystemSynchronizedGroups = (
				650520D92EA0475000E381A7 /* IG analizerUITests */,
			);
			name = "IG analizerUITests";
			packageProductDependencies = (
			);
			productName = "IG analizerUITests";
			productReference = 650520D62EA0475000E381A7 /* IG analizerUITests.xctest */;
			productType = "com.apple.product-type.bundle.ui-testing";
		};
/* End PBXNativeTarget section */

/* Begin PBXProject section */
		650520B62EA0475000E381A7 /* Project object */ = {
			isa = PBXProject;
			attributes = {
				BuildIndependentTargetsInParallel = 1;
				LastSwiftUpdateCheck = 1640;
				LastUpgradeCheck = 1640;
				TargetAttributes = {
					650520BD2EA0475000E381A7 = {
						CreatedOnToolsVersion = 16.4;
					};
					650520CB2EA0475000E381A7 = {
						CreatedOnToolsVersion = 16.4;
						TestTargetID = 650520BD2EA0475000E381A7;
					};
					650520D52EA0475000E381A7 = {
						CreatedOnToolsVersion = 16.4;
						TestTargetID = 650520BD2EA0475000E381A7;
					};
				};
			};
			buildConfigurationList = 650520B92EA0475000E381A7 /* Build configuration list for PBXProject "IG analizer" */;
			developmentRegion = en;
			hasScannedForEncodings = 0;
			knownRegions = (
				en,
				Base,
			);
			mainGroup = 650520B52EA0475000E381A7;
			minimizedProjectReferenceProxies = 1;
			preferredProjectObjectVersion = 77;
			productRefGroup = 650520BF2EA0475000E381A7 /* Products */;
			projectDirPath = "";
			projectRoot = "";
			targets = (
				650520BD2EA0475000E381A7 /* IG analizer */,
				650520CB2EA0475000E381A7 /* IG analizerTests */,
				650520D52EA0475000E381A7 /* IG analizerUITests */,
			);
		};
/* End PBXProject section */

/* Begin PBXResourcesBuildPhase section */
		650520BC2EA0475000E381A7 /* Resources */ = {
			isa = PBXResourcesBuildPhase;
			buildActionMask = 2147483647;
			files = (
			);
			runOnlyForDeploymentPostprocessing = 0;
		};
		650520CA2EA0475000E381A7 /* Resources */ = {
			isa = PBXResourcesBuildPhase;
			buildActionMask = 2147483647;
			files = (
			);
			runOnlyForDeploymentPostprocessing = 0;
		};
		650520D42EA0475000E381A7 /* Resources */ = {
			isa = PBXResourcesBuildPhase;
			buildActionMask = 2147483647;
			files = (
			);
			runOnlyForDeploymentPostprocessing = 0;
		};
/* End PBXResourcesBuildPhase section */

/* Begin PBXSourcesBuildPhase section */
		650520BA2EA0475000E381A7 /* Sources */ = {
			isa = PBXSourcesBuildPhase;
			buildActionMask = 2147483647;
			files = (
			);
			runOnlyForDeploymentPostprocessing = 0;
		};
		650520C82EA0475000E381A7 /* Sources */ = {
			isa = PBXSourcesBuildPhase;
			buildActionMask = 2147483647;
			files = (
			);
			runOnlyForDeploymentPostprocessing = 0;
		};
		650520D22EA0475000E381A7 /* Sources */ = {
			isa = PBXSourcesBuildPhase;
			buildActionMask = 2147483647;
			files = (
			);
			runOnlyForDeploymentPostprocessing = 0;
		};
/* End PBXSourcesBuildPhase section */

/* Begin PBXTargetDependency section */
		650520CE2EA0475000E381A7 /* PBXTargetDependency */ = {
			isa = PBXTargetDependency;
			target = 650520BD2EA0475000E381A7 /* IG analizer */;
			targetProxy = 650520CD2EA0475000E381A7 /* PBXContainerItemProxy */;
		};
		650520D82EA0475000E381A7 /* PBXTargetDependency */ = {
			isa = PBXTargetDependency;
			target = 650520BD2EA0475000E381A7 /* IG analizer */;
			targetProxy = 650520D72EA0475000E381A7 /* PBXContainerItemProxy */;
		};
/* End PBXTargetDependency section */

/* Begin XCBuildConfiguration section */
		650520DE2EA0475000E381A7 /* Debug */ = {
			isa = XCBuildConfiguration;
			buildSettings = {
				ALWAYS_SEARCH_USER_PATHS = NO;
				ASSETCATALOG_COMPILER_GENERATE_SWIFT_ASSET_SYMBOL_EXTENSIONS = YES;
				CLANG_ANALYZER_NONNULL = YES;
				CLANG_ANALYZER_NUMBER_OBJECT_CONVERSION = YES_AGGRESSIVE;
				CLANG_CXX_LANGUAGE_STANDARD = "gnu++20";
				CLANG_ENABLE_MODULES = YES;
				CLANG_ENABLE_OBJC_ARC = YES;
				CLANG_ENABLE_OBJC_WEAK = YES;
				CLANG_WARN_BLOCK_CAPTURE_AUTORELEASING = YES;
				CLANG_WARN_BOOL_CONVERSION = YES;
				CLANG_WARN_COMMA = YES;
				CLANG_WARN_CONSTANT_CONVERSION = YES;
				CLANG_WARN_DEPRECATED_OBJC_IMPLEMENTATIONS = YES;
				CLANG_WARN_DIRECT_OBJC_ISA_USAGE = YES_ERROR;
				CLANG_WARN_DOCUMENTATION_COMMENTS = YES;
				CLANG_WARN_EMPTY_BODY = YES;
				CLANG_WARN_ENUM_CONVERSION = YES;
				CLANG_WARN_INFINITE_RECURSION = YES;
				CLANG_WARN_INT_CONVERSION = YES;
				CLANG_WARN_NON_LITERAL_NULL_CONVERSION = YES;
				CLANG_WARN_OBJC_IMPLICIT_RETAIN_SELF = YES;
				CLANG_WARN_OBJC_LITERAL_CONVERSION = YES;
				CLANG_WARN_OBJC_ROOT_CLASS = YES_ERROR;
				CLANG_WARN_QUOTED_INCLUDE_IN_FRAMEWORK_HEADER = YES;
				CLANG_WARN_RANGE_LOOP_ANALYSIS = YES;
				CLANG_WARN_STRICT_PROTOTYPES = YES;
				CLANG_WARN_SUSPICIOUS_MOVE = YES;
				CLANG_WARN_UNGUARDED_AVAILABILITY = YES_AGGRESSIVE;
				CLANG_WARN_UNREACHABLE_CODE = YES;
				CLANG_WARN__DUPLICATE_METHOD_MATCH = YES;
				COPY_PHASE_STRIP = NO;
				DEBUG_INFORMATION_FORMAT = dwarf;
				ENABLE_STRICT_OBJC_MSGSEND = YES;
				ENABLE_TESTABILITY = YES;
				ENABLE_USER_SCRIPT_SANDBOXING = YES;
				GCC_C_LANGUAGE_STANDARD = gnu17;
				GCC_DYNAMIC_NO_PIC = NO;
				GCC_NO_COMMON_BLOCKS = YES;
				GCC_OPTIMIZATION_LEVEL = 0;
				GCC_PREPROCESSOR_DEFINITIONS = (
					"DEBUG=1",
					"$(inherited)",
				);
				GCC_WARN_64_TO_32_BIT_CONVERSION = YES;
				GCC_WARN_ABOUT_RETURN_TYPE = YES_ERROR;
				GCC_WARN_UNDECLARED_SELECTOR = YES;
				GCC_WARN_UNINITIALIZED_AUTOS = YES_AGGRESSIVE;
				GCC_WARN_UNUSED_FUNCTION = YES;
				GCC_WARN_UNUSED_VARIABLE = YES;
				LOCALIZATION_PREFERS_STRING_CATALOGS = YES;
				MACOSX_DEPLOYMENT_TARGET = 15.5;
				MTL_ENABLE_DEBUG_INFO = INCLUDE_SOURCE;
				MTL_FAST_MATH = YES;
				ONLY_ACTIVE_ARCH = YES;
				SDKROOT = macosx;
				SWIFT_ACTIVE_COMPILATION_CONDITIONS = "DEBUG $(inherited)";
				SWIFT_OPTIMIZATION_LEVEL = "-Onone";
			};
			name = Debug;
		};
		650520DF2EA0475000E381A7 /* Release */ = {
			isa = XCBuildConfiguration;
			buildSettings = {
				ALWAYS_SEARCH_USER_PATHS = NO;
				ASSETCATALOG_COMPILER_GENERATE_SWIFT_ASSET_SYMBOL_EXTENSIONS = YES;
				CLANG_ANALYZER_NONNULL = YES;
				CLANG_ANALYZER_NUMBER_OBJECT_CONVERSION = YES_AGGRESSIVE;
				CLANG_CXX_LANGUAGE_STANDARD = "gnu++20";
				CLANG_ENABLE_MODULES = YES;
				CLANG_ENABLE_OBJC_ARC = YES;
				CLANG_ENABLE_OBJC_WEAK = YES;
				CLANG_WARN_BLOCK_CAPTURE_AUTORELEASING = YES;
				CLANG_WARN_BOOL_CONVERSION = YES;
				CLANG_WARN_COMMA = YES;
				CLANG_WARN_CONSTANT_CONVERSION = YES;
				CLANG_WARN_DEPRECATED_OBJC_IMPLEMENTATIONS = YES;
				CLANG_WARN_DIRECT_OBJC_ISA_USAGE = YES_ERROR;
				CLANG_WARN_DOCUMENTATION_COMMENTS = YES;
				CLANG_WARN_EMPTY_BODY = YES;
				CLANG_WARN_ENUM_CONVERSION = YES;
				CLANG_WARN_INFINITE_RECURSION = YES;
				CLANG_WARN_INT_CONVERSION = YES;
				CLANG_WARN_NON_LITERAL_NULL_CONVERSION = YES;
				CLANG_WARN_OBJC_IMPLICIT_RETAIN_SELF = YES;
				CLANG_WARN_OBJC_LITERAL_CONVERSION = YES;
				CLANG_WARN_OBJC_ROOT_CLASS = YES_ERROR;
				CLANG_WARN_QUOTED_INCLUDE_IN_FRAMEWORK_HEADER = YES;
				CLANG_WARN_RANGE_LOOP_ANALYSIS = YES;
				CLANG_WARN_STRICT_PROTOTYPES = YES;
				CLANG_WARN_SUSPICIOUS_MOVE = YES;
				CLANG_WARN_UNGUARDED_AVAILABILITY = YES_AGGRESSIVE;
				CLANG_WARN_UNREACHABLE_CODE = YES;
				CLANG_WARN__DUPLICATE_METHOD_MATCH = YES;
				COPY_PHASE_STRIP = NO;
				DEBUG_INFORMATION_FORMAT = "dwarf-with-dsym";
				ENABLE_NS_ASSERTIONS = NO;
				ENABLE_STRICT_OBJC_MSGSEND = YES;
				ENABLE_USER_SCRIPT_SANDBOXING = YES;
				GCC_C_LANGUAGE_STANDARD = gnu17;
				GCC_NO_COMMON_BLOCKS = YES;
				GCC_WARN_64_TO_32_BIT_CONVERSION = YES;
				GCC_WARN_ABOUT_RETURN_TYPE = YES_ERROR;
				GCC_WARN_UNDECLARED_SELECTOR = YES;
				GCC_WARN_UNINITIALIZED_AUTOS = YES_AGGRESSIVE;
				GCC_WARN_UNUSED_FUNCTION = YES;
				GCC_WARN_UNUSED_VARIABLE = YES;
				LOCALIZATION_PREFERS_STRING_CATALOGS = YES;
				MACOSX_DEPLOYMENT_TARGET = 15.5;
				MTL_ENABLE_DEBUG_INFO = NO;
				MTL_FAST_MATH = YES;
				SDKROOT = macosx;
				SWIFT_COMPILATION_MODE = wholemodule;
			};
			name = Release;
		};
		650520E12EA0475000E381A7 /* Debug */ = {
			isa = XCBuildConfiguration;
			buildSettings = {
				ASSETCATALOG_COMPILER_APPICON_NAME = AppIcon;
				ASSETCATALOG_COMPILER_GLOBAL_ACCENT_COLOR_NAME = AccentColor;
				CODE_SIGN_ENTITLEMENTS = "IG analizer/IG_analizer.entitlements";
				CODE_SIGN_STYLE = Automatic;
				COMBINE_HIDPI_IMAGES = YES;
				CURRENT_PROJECT_VERSION = 1;
				ENABLE_PREVIEWS = YES;
				GENERATE_INFOPLIST_FILE = YES;
				INFOPLIST_KEY_NSHumanReadableCopyright = "";
				LD_RUNPATH_SEARCH_PATHS = (
					"$(inherited)",
					"@executable_path/../Frameworks",
				);
				MARKETING_VERSION = 1.0;
				PRODUCT_BUNDLE_IDENTIFIER = "com.skpx.IG-analizer";
				PRODUCT_NAME = "$(TARGET_NAME)";
				REGISTER_APP_GROUPS = YES;
				SWIFT_EMIT_LOC_STRINGS = YES;
				SWIFT_VERSION = 5.0;
			};
			name = Debug;
		};
		650520E22EA0475000E381A7 /* Release */ = {
			isa = XCBuildConfiguration;
			buildSettings = {
				ASSETCATALOG_COMPILER_APPICON_NAME = AppIcon;
				ASSETCATALOG_COMPILER_GLOBAL_ACCENT_COLOR_NAME = AccentColor;
				CODE_SIGN_ENTITLEMENTS = "IG analizer/IG_analizer.entitlements";
				CODE_SIGN_STYLE = Automatic;
				COMBINE_HIDPI_IMAGES = YES;
				CURRENT_PROJECT_VERSION = 1;
				ENABLE_PREVIEWS = YES;
				GENERATE_INFOPLIST_FILE = YES;
				INFOPLIST_KEY_NSHumanReadableCopyright = "";
				LD_RUNPATH_SEARCH_PATHS = (
					"$(inherited)",
					"@executable_path/../Frameworks",
				);
				MARKETING_VERSION = 1.0;
				PRODUCT_BUNDLE_IDENTIFIER = "com.skpx.IG-analizer";
				PRODUCT_NAME = "$(TARGET_NAME)";
				REGISTER_APP_GROUPS = YES;
				SWIFT_EMIT_LOC_STRINGS = YES;
				SWIFT_VERSION = 5.0;
			};
			name = Release;
		};
		650520E42EA0475000E381A7 /* Debug */ = {
			isa = XCBuildConfiguration;
			buildSettings = {
				BUNDLE_LOADER = "$(TEST_HOST)";
				CODE_SIGN_STYLE = Automatic;
				CURRENT_PROJECT_VERSION = 1;
				GENERATE_INFOPLIST_FILE = YES;
				MACOSX_DEPLOYMENT_TARGET = 15.5;
				MARKETING_VERSION = 1.0;
				PRODUCT_BUNDLE_IDENTIFIER = "com.skpx.IG-analizerTests";
				PRODUCT_NAME = "$(TARGET_NAME)";
				SWIFT_EMIT_LOC_STRINGS = NO;
				SWIFT_VERSION = 5.0;
				TEST_HOST = "$(BUILT_PRODUCTS_DIR)/IG analizer.app/$(BUNDLE_EXECUTABLE_FOLDER_PATH)/IG analizer";
			};
			name = Debug;
		};
		650520E52EA0475000E381A7 /* Release */ = {
			isa = XCBuildConfiguration;
			buildSettings = {
				BUNDLE_LOADER = "$(TEST_HOST)";
				CODE_SIGN_STYLE = Automatic;
				CURRENT_PROJECT_VERSION = 1;
				GENERATE_INFOPLIST_FILE = YES;
				MACOSX_DEPLOYMENT_TARGET = 15.5;
				MARKETING_VERSION = 1.0;
				PRODUCT_BUNDLE_IDENTIFIER = "com.skpx.IG-analizerTests";
				PRODUCT_NAME = "$(TARGET_NAME)";
				SWIFT_EMIT_LOC_STRINGS = NO;
				SWIFT_VERSION = 5.0;
				TEST_HOST = "$(BUILT_PRODUCTS_DIR)/IG analizer.app/$(BUNDLE_EXECUTABLE_FOLDER_PATH)/IG analizer";
			};
			name = Release;
		};
		650520E72EA0475000E381A7 /* Debug */ = {
			isa = XCBuildConfiguration;
			buildSettings = {
				CODE_SIGN_STYLE = Automatic;
				CURRENT_PROJECT_VERSION = 1;
				GENERATE_INFOPLIST_FILE = YES;
				MARKETING_VERSION = 1.0;
				PRODUCT_BUNDLE_IDENTIFIER = "com.skpx.IG-analizerUITests";
				PRODUCT_NAME = "$(TARGET_NAME)";
				SWIFT_EMIT_LOC_STRINGS = NO;
				SWIFT_VERSION = 5.0;
				TEST_TARGET_NAME = "IG analizer";
			};
			name = Debug;
		};
		650520E82EA0475000E381A7 /* Release */ = {
			isa = XCBuildConfiguration;
			buildSettings = {
				CODE_SIGN_STYLE = Automatic;
				CURRENT_PROJECT_VERSION = 1;
				GENERATE_INFOPLIST_FILE = YES;
				MARKETING_VERSION = 1.0;
				PRODUCT_BUNDLE_IDENTIFIER = "com.skpx.IG-analizerUITests";
				PRODUCT_NAME = "$(TARGET_NAME)";
				SWIFT_EMIT_LOC_STRINGS = NO;
				SWIFT_VERSION = 5.0;
				TEST_TARGET_NAME = "IG analizer";
			};
			name = Release;
		};
/* End XCBuildConfiguration section */

/* Begin XCConfigurationList section */
		650520B92EA0475000E381A7 /* Build configuration list for PBXProject "IG analizer" */ = {
			isa = XCConfigurationList;
			buildConfigurations = (
				650520DE2EA0475000E381A7 /* Debug */,
				650520DF2EA0475000E381A7 /* Release */,
			);
			defaultConfigurationIsVisible = 0;
			defaultConfigurationName = Release;
		};
		650520E02EA0475000E381A7 /* Build configuration list for PBXNativeTarget "IG analizer" */ = {
			isa = XCConfigurationList;
			buildConfigurations = (
				650520E12EA0475000E381A7 /* Debug */,
				650520E22EA0475000E381A7 /* Release */,
			);
			defaultConfigurationIsVisible = 0;
			defaultConfigurationName = Release;
		};
		650520E32EA0475000E381A7 /* Build configuration list for PBXNativeTarget "IG analizerTests" */ = {
			isa = XCConfigurationList;
			buildConfigurations = (
				650520E42EA0475000E381A7 /* Debug */,
				650520E52EA0475000E381A7 /* Release */,
			);
			defaultConfigurationIsVisible = 0;
			defaultConfigurationName = Release;
		};
		650520E62EA0475000E381A7 /* Build configuration list for PBXNativeTarget "IG analizerUITests" */ = {
			isa = XCConfigurationList;
			buildConfigurations = (
				650520E72EA0475000E381A7 /* Debug */,
				650520E82EA0475000E381A7 /* Release */,
			);
			defaultConfigurationIsVisible = 0;
			defaultConfigurationName = Release;
		};
/* End XCConfigurationList section */
	};
	rootObject = 650520B62EA0475000E381A7 /* Project object */;
}
